
Microsoft Visual Studio Solution File, Format Version 12.00
# Visual Studio Version 17
VisualStudioVersion = 17.0.32126.317
MinimumVisualStudioVersion = 10.0.40219.1
Project("{9A19103F-16F7-4668-BE54-9A1E7A4F7556}") = "SystemModelingLabs", "SystemModelingLabs\SystemModelingLabs.csproj", "{348BC87D-C733-4E1B-8864-10D0B528A35D}"
EndProject
Project("{FAE04EC0-301F-11D3-BF4B-00C04F79EFBC}") = "SystemModelingLabs.QueueingModel.Core", "SystemModelingLabs.QueueingModel.Core\SystemModelingLabs.QueueingModel.Core.csproj", "{E5B3A693-4157-4109-AB82-28125685FB88}"
EndProject
Project("{FAE04EC0-301F-11D3-BF4B-00C04F79EFBC}") = "SystemModelingLabs.QueueingModel.Bank", "SystemModelingLabs.QueueingModel.Bank\SystemModelingLabs.QueueingModel.Bank.csproj", "{4DBCF3AF-CD6D-4BAB-B795-CFE7D32E0A4F}"
EndProject
Project("{FAE04EC0-301F-11D3-BF4B-00C04F79EFBC}") = "SystemModelingLabs.QueueingModel.Hospital", "SystemModelingLabs.QueueingModel.Hospital\SystemModelingLabs.QueueingModel.Hospital.csproj", "{7F375C44-314C-4277-BCB6-F250F75E1671}"
EndProject
Global
	GlobalSection(SolutionConfigurationPlatforms) = preSolution
		Debug|Any CPU = Debug|Any CPU
		Release|Any CPU = Release|Any CPU
	EndGlobalSection
	GlobalSection(ProjectConfigurationPlatforms) = postSolution
		{348BC87D-C733-4E1B-8864-10D0B528A35D}.Debug|Any CPU.ActiveCfg = Debug|Any CPU
		{348BC87D-C733-4E1B-8864-10D0B528A35D}.Debug|Any CPU.Build.0 = Debug|Any CPU
		{348BC87D-C733-4E1B-8864-10D0B528A35D}.Release|Any CPU.ActiveCfg = Release|Any CPU
		{348BC87D-C733-4E1B-8864-10D0B528A35D}.Release|Any CPU.Build.0 = Release|Any CPU
		{E5B3A693-4157-4109-AB82-28125685FB88}.Debug|Any CPU.ActiveCfg = Debug|Any CPU
		{E5B3A693-4157-4109-AB82-28125685FB88}.Debug|Any CPU.Build.0 = Debug|Any CPU
		{E5B3A693-4157-4109-AB82-28125685FB88}.Release|Any CPU.ActiveCfg = Release|Any CPU
		{E5B3A693-4157-4109-AB82-28125685FB88}.Release|Any CPU.Build.0 = Release|Any CPU
		{4DBCF3AF-CD6D-4BAB-B795-CFE7D32E0A4F}.Debug|Any CPU.ActiveCfg = Debug|Any CPU
		{4DBCF3AF-CD6D-4BAB-B795-CFE7D32E0A4F}.Debug|Any CPU.Build.0 = Debug|Any CPU
		{4DBCF3AF-CD6D-4BAB-B795-CFE7D32E0A4F}.Release|Any CPU.ActiveCfg = Release|Any CPU
		{4DBCF3AF-CD6D-4BAB-B795-CFE7D32E0A4F}.Release|Any CPU.Build.0 = Release|Any CPU
		{7F375C44-314C-4277-BCB6-F250F75E1671}.Debug|Any CPU.ActiveCfg = Debug|Any CPU
		{7F375C44-314C-4277-BCB6-F250F75E1671}.Debug|Any CPU.Build.0 = Debug|Any CPU
		{7F375C44-314C-4277-BCB6-F250F75E1671}.Release|Any CPU.ActiveCfg = Release|Any CPU
		{7F375C44-314C-4277-BCB6-F250F75E1671}.Release|Any CPU.Build.0 = Release|Any CPU
	EndGlobalSection
	GlobalSection(SolutionProperties) = preSolution
		HideSolutionNode = FALSE
	EndGlobalSection
	GlobalSection(ExtensibilityGlobals) = postSolution
		SolutionGuid = {22F31532-C359-4B72-B5BC-7C4E2BA4AB4D}
	EndGlobalSection
EndGlobal
